github.com/open-banking-io/clients/go v0.5.0 h1:ChidKddLdHu1WH0YpoliAILdEAd2c5La8PJRoejZL6Y=
github.com/open-banking-io/clients/go v0.5.0/go.mod h1:DOqVT2pmX1aHGLXG5t4E0uqRYedPJ8nXvW9UiGCObZI=
golang.org/x/sys v0.48.0 h1:bbX/i/6MgT9BVLM9RT1thmxL04yeTAhbEz4SyadbXoo=
golang.org/x/sys v0.48.0/go.mod h1:hNLxWAXmnKAxqDtdwIYC4bM9oQPEecfsnNMuSxOs3og=
golang.org/x/term v0.46.0 h1:3+OXuTbaKDgwk8jTi3aSLHRlmWqHEUDUtxnbFigO4YE=
golang.org/x/term v0.46.0/go.mod h1:+K02xbkittuwc0Am4abfA3Fc+XRGXkvBXNO88NCXPoc=
