github.com/open-banking-io/clients/go v0.2.0 h1:+56DPZalo35KfYv58P747QALOU/0y+x7YuXEE7Ld/u8=
github.com/open-banking-io/clients/go v0.2.0/go.mod h1:DOqVT2pmX1aHGLXG5t4E0uqRYedPJ8nXvW9UiGCObZI=
golang.org/x/sys v0.46.0 h1:noSf2Fq6F8DBgS+LysIkx7rIExoNHJsxOAtPp4rthXw=
golang.org/x/sys v0.46.0/go.mod h1:4GL1E5IUh+htKOUEOaiffhrAeqysfVGipDYzABqnCmw=
golang.org/x/term v0.44.0 h1:0rLvDRCtNj0gZkyIXhCyOb2OAzEhLVqc4B+hrsBhrmc=
golang.org/x/term v0.44.0/go.mod h1:7ze4MdzUzLXpSAoFP1H0bOI9aXDqveSvatT5vKcFh2Y=
